{
  "version": 4,
  "terraform_version": "1.16.2",
  "serial": 27,
  "lineage": "28020a78-56cf-f7e4-ff0f-48421f9a1367",
  "outputs": {},
  "resources": [
    {
      "mode": "managed",
      "type": "confluent_connector",
      "name": "weather_connector",
      "provider": "provider[\"registry.terraform.io/confluentinc/confluent\"]",
      "instances": [
        {
          "schema_version": 0,
          "attributes": {
            "config_nonsensitive": {
              "auth.type": "none",
              "connector.class": "HttpSource",
              "http.initial.offset": "0",
              "http.offset.mode": "SIMPLE_INCREMENTING",
              "http.request.method": "GET",
              "kafka.auth.mode": "SERVICE_ACCOUNT",
              "kafka.service.account.id": "sa-gkppvkv",
              "name": "weather-http-source",
              "output.data.format": "AVRO",
              "request.interval.ms": "60000",
              "tasks.max": "1",
              "topic.name.pattern": "weather_obs",
              "url": "https://api.open-meteo.com/v1/forecast?latitude=51.5072\u0026longitude=-0.1276\u0026current=temperature_2m,precipitation,wind_speed_10m"
            },
            "config_sensitive": {},
            "environment": [
              {
                "id": "env-87d2wr"
              }
            ],
            "id": "lcc-zmjrq97",
            "kafka_cluster": [
              {
                "id": "lkc-mvpy7xw"
              }
            ],
            "offsets": [],
            "status": "RUNNING",
            "timeouts": null
          },
          "sensitive_attributes": [
            [
              {
                "type": "get_attr",
                "value": "config_sensitive"
              }
            ]
          ],
          "identity_schema_version": 0,
          "private": "eyJlMmJmYjczMC1lY2FhLTExZTYtOGY4OC0zNDM2M2JjN2M0YzAiOnsiY3JlYXRlIjo4NjQwMDAwMDAwMDAwMH19",
          "dependencies": [
            "confluent_kafka_cluster.main",
            "confluent_service_account.connector"
          ]
        }
      ]
    },
    {
      "mode": "managed",
      "type": "confluent_kafka_cluster",
      "name": "main",
      "provider": "provider[\"registry.terraform.io/confluentinc/confluent\"]",
      "instances": [
        {
          "schema_version": 1,
          "attributes": {
            "api_version": "cmk/v2",
            "availability": "SINGLE_ZONE",
            "basic": [
              {
                "max_ecku": 50
              }
            ],
            "bootstrap_endpoint": "SASL_SSL://pkc-921jm.us-east-2.aws.confluent.cloud:9092",
            "byok_key": [
              {
                "id": ""
              }
            ],
            "cloud": "AWS",
            "dedicated": [],
            "deletion_protection": false,
            "display_name": "Bins",
            "endpoints": [],
            "enterprise": [],
            "environment": [
              {
                "id": "env-87d2wr"
              }
            ],
            "freight": [],
            "id": "lkc-mvpy7xw",
            "kind": "Cluster",
            "network": [
              {
                "id": ""
              }
            ],
            "rbac_crn": "crn://confluent.cloud/organization=9b55bf43-b525-4bd2-ae5a-4b5ce214f37c/environment=env-87d2wr/cloud-cluster=lkc-mvpy7xw",
            "region": "us-east-2",
            "rest_endpoint": "https://pkc-921jm.us-east-2.aws.confluent.cloud:443",
            "standard": [],
            "timeouts": null
          },
          "sensitive_attributes": [],
          "identity_schema_version": 0,
          "private": "eyJlMmJmYjczMC1lY2FhLTExZTYtOGY4OC0zNDM2M2JjN2M0YzAiOnsiY3JlYXRlIjoyNTkyMDAwMDAwMDAwMDAsInVwZGF0ZSI6MjU5MjAwMDAwMDAwMDAwfSwic2NoZW1hX3ZlcnNpb24iOiIxIn0="
        }
      ]
    },
    {
      "mode": "managed",
      "type": "confluent_role_binding",
      "name": "connector_admin",
      "provider": "provider[\"registry.terraform.io/confluentinc/confluent\"]",
      "instances": [
        {
          "schema_version": 0,
          "attributes": {
            "crn_pattern": "crn://confluent.cloud/organization=9b55bf43-b525-4bd2-ae5a-4b5ce214f37c/environment=env-87d2wr/cloud-cluster=lkc-mvpy7xw",
            "disable_wait_for_ready": false,
            "id": "rb-k10o0r",
            "principal": "User:sa-gkppvkv",
            "role_name": "CloudClusterAdmin"
          },
          "sensitive_attributes": [],
          "identity_schema_version": 0,
          "private": "bnVsbA==",
          "dependencies": [
            "confluent_kafka_cluster.main",
            "confluent_service_account.connector"
          ]
        }
      ]
    },
    {
      "mode": "managed",
      "type": "confluent_service_account",
      "name": "connector",
      "provider": "provider[\"registry.terraform.io/confluentinc/confluent\"]",
      "instances": [
        {
          "schema_version": 0,
          "attributes": {
            "api_version": "iam/v2",
            "description": "Runs the Bins weather HTTP source",
            "display_name": "bins-connector",
            "id": "sa-gkppvkv",
            "kind": "ServiceAccount"
          },
          "sensitive_attributes": [],
          "identity_schema_version": 0,
          "private": "bnVsbA=="
        }
      ]
    }
  ],
  "check_results": null
}
